
Microsoft Visual Studio Solution File, Format Version 12.00
# Visual Studio Version 17
VisualStudioVersion = 17.14.36414.22
MinimumVisualStudioVersion = 10.0.40219.1
Project("{FAE04EC0-301F-11D3-BF4B-00C04F79EFBC}") = "EwEBridgePlugin", "Eii.Ecopath.Bridge\EwEBridgePlugin.csproj", "{B1781851-ED63-CF05-4E3F-C8FCE061C578}"
EndProject
Project("{2150E333-8FDC-42A3-9474-1A3956D46DE8}") = "Solution items", "Solution items", "{02EA681E-C7D8-13C7-8484-4AC65E1B71E8}"
	ProjectSection(SolutionItems) = preProject
		.gitignore = .gitignore
		EII_plain_128x128.png = EII_plain_128x128.png
		LICENSE = LICENSE
		README.md = README.md
	EndProjectSection
EndProject
Global
	GlobalSection(SolutionConfigurationPlatforms) = preSolution
		Debug|Any CPU = Debug|Any CPU
		Release|Any CPU = Release|Any CPU
	EndGlobalSection
	GlobalSection(ProjectConfigurationPlatforms) = postSolution
		{B1781851-ED63-CF05-4E3F-C8FCE061C578}.Debug|Any CPU.ActiveCfg = Debug|Any CPU
		{B1781851-ED63-CF05-4E3F-C8FCE061C578}.Debug|Any CPU.Build.0 = Debug|Any CPU
		{B1781851-ED63-CF05-4E3F-C8FCE061C578}.Release|Any CPU.ActiveCfg = Release|Any CPU
		{B1781851-ED63-CF05-4E3F-C8FCE061C578}.Release|Any CPU.Build.0 = Release|Any CPU
	EndGlobalSection
	GlobalSection(SolutionProperties) = preSolution
		HideSolutionNode = FALSE
	EndGlobalSection
	GlobalSection(ExtensibilityGlobals) = postSolution
		SolutionGuid = {635F1AF1-6A77-4A15-A24B-5C2F4484A987}
	EndGlobalSection
EndGlobal
